
Microsoft Visual Studio Solution File, Format Version 12.00
# Visual Studio Version 17
VisualStudioVersion = 17.7.34024.191
MinimumVisualStudioVersion = 10.0.40219.1
Project("{FAE04EC0-301F-11D3-BF4B-00C04F79EFBC}") = "RedisBlazorDemo", "RedisBlazorDemo\RedisBlazorDemo.csproj", "{0CCE55DE-8069-4DCC-9C24-D6C38D7D0C5A}"
EndProject
Global
	GlobalSection(SolutionConfigurationPlatforms) = preSolution
		Debug|Any CPU = Debug|Any CPU
		Release|Any CPU = Release|Any CPU
	EndGlobalSection
	GlobalSection(ProjectConfigurationPlatforms) = postSolution
		{0CCE55DE-8069-4DCC-9C24-D6C38D7D0C5A}.Debug|Any CPU.ActiveCfg = Debug|Any CPU
		{0CCE55DE-8069-4DCC-9C24-D6C38D7D0C5A}.Debug|Any CPU.Build.0 = Debug|Any CPU
		{0CCE55DE-8069-4DCC-9C24-D6C38D7D0C5A}.Release|Any CPU.ActiveCfg = Release|Any CPU
		{0CCE55DE-8069-4DCC-9C24-D6C38D7D0C5A}.Release|Any CPU.Build.0 = Release|Any CPU
	EndGlobalSection
	GlobalSection(SolutionProperties) = preSolution
		HideSolutionNode = FALSE
	EndGlobalSection
	GlobalSection(ExtensibilityGlobals) = postSolution
		SolutionGuid = {BA0E31B5-8225-4201-AA01-9A9091D4BB4D}
	EndGlobalSection
EndGlobal
